
Microsoft Visual Studio Solution File, Format Version 12.00
# Visual Studio Version 16
VisualStudioVersion = 16.0.30104.148
MinimumVisualStudioVersion = 10.0.40219.1
Project("{9A19103F-16F7-4668-BE54-9A1E7A4F7556}") = "Task10", "Task10\Task10.csproj", "{CD08DC42-363E-4DBF-B4C2-DAE3AB121B90}"
EndProject
Project("{FAE04EC0-301F-11D3-BF4B-00C04F79EFBC}") = "Task10Tests", "Task10Tests\Task10Tests.csproj", "{F01C8677-983F-4FFB-9EDC-72F62FE538E0}"
EndProject
Global
	GlobalSection(SolutionConfigurationPlatforms) = preSolution
		Debug|Any CPU = Debug|Any CPU
		Release|Any CPU = Release|Any CPU
	EndGlobalSection
	GlobalSection(ProjectConfigurationPlatforms) = postSolution
		{CD08DC42-363E-4DBF-B4C2-DAE3AB121B90}.Debug|Any CPU.ActiveCfg = Debug|Any CPU
		{CD08DC42-363E-4DBF-B4C2-DAE3AB121B90}.Debug|Any CPU.Build.0 = Debug|Any CPU
		{CD08DC42-363E-4DBF-B4C2-DAE3AB121B90}.Release|Any CPU.ActiveCfg = Release|Any CPU
		{CD08DC42-363E-4DBF-B4C2-DAE3AB121B90}.Release|Any CPU.Build.0 = Release|Any CPU
		{F01C8677-983F-4FFB-9EDC-72F62FE538E0}.Debug|Any CPU.ActiveCfg = Debug|Any CPU
		{F01C8677-983F-4FFB-9EDC-72F62FE538E0}.Debug|Any CPU.Build.0 = Debug|Any CPU
		{F01C8677-983F-4FFB-9EDC-72F62FE538E0}.Release|Any CPU.ActiveCfg = Release|Any CPU
		{F01C8677-983F-4FFB-9EDC-72F62FE538E0}.Release|Any CPU.Build.0 = Release|Any CPU
	EndGlobalSection
	GlobalSection(SolutionProperties) = preSolution
		HideSolutionNode = FALSE
	EndGlobalSection
	GlobalSection(ExtensibilityGlobals) = postSolution
		SolutionGuid = {A2F4BCEE-E4F9-4C69-9968-8715FB191526}
	EndGlobalSection
EndGlobal
