
Microsoft Visual Studio Solution File, Format Version 12.00
# Visual Studio Version 16
VisualStudioVersion = 16.0.29806.167
MinimumVisualStudioVersion = 10.0.40219.1
Project("{9A19103F-16F7-4668-BE54-9A1E7A4F7556}") = "Task1", "Task1.csproj", "{2EBEA2BF-10B4-43FA-B393-982A7E2EC695}"
EndProject
Project("{9A19103F-16F7-4668-BE54-9A1E7A4F7556}") = "Task1Tests", "..\Task_1_tests\Task1Tests.csproj", "{385E3430-8AFA-40DB-B364-42FD63698C14}"
EndProject
Global
	GlobalSection(SolutionConfigurationPlatforms) = preSolution
		Debug|Any CPU = Debug|Any CPU
		Release|Any CPU = Release|Any CPU
	EndGlobalSection
	GlobalSection(ProjectConfigurationPlatforms) = postSolution
		{2EBEA2BF-10B4-43FA-B393-982A7E2EC695}.Debug|Any CPU.ActiveCfg = Debug|Any CPU
		{2EBEA2BF-10B4-43FA-B393-982A7E2EC695}.Debug|Any CPU.Build.0 = Debug|Any CPU
		{2EBEA2BF-10B4-43FA-B393-982A7E2EC695}.Release|Any CPU.ActiveCfg = Release|Any CPU
		{2EBEA2BF-10B4-43FA-B393-982A7E2EC695}.Release|Any CPU.Build.0 = Release|Any CPU
		{385E3430-8AFA-40DB-B364-42FD63698C14}.Debug|Any CPU.ActiveCfg = Debug|Any CPU
		{385E3430-8AFA-40DB-B364-42FD63698C14}.Debug|Any CPU.Build.0 = Debug|Any CPU
		{385E3430-8AFA-40DB-B364-42FD63698C14}.Release|Any CPU.ActiveCfg = Release|Any CPU
		{385E3430-8AFA-40DB-B364-42FD63698C14}.Release|Any CPU.Build.0 = Release|Any CPU
	EndGlobalSection
	GlobalSection(SolutionProperties) = preSolution
		HideSolutionNode = FALSE
	EndGlobalSection
	GlobalSection(ExtensibilityGlobals) = postSolution
		SolutionGuid = {158E369C-7843-44EE-9AD6-13120770D574}
	EndGlobalSection
EndGlobal
