
Microsoft Visual Studio Solution File, Format Version 12.00
# Visual Studio Version 16
VisualStudioVersion = 16.0.30011.22
MinimumVisualStudioVersion = 10.0.40219.1
Project("{9A19103F-16F7-4668-BE54-9A1E7A4F7556}") = "Task6", "Task6\Task6.csproj", "{21A2DD9B-1C28-4F5D-B2EB-63F4763DFB76}"
EndProject
Project("{9A19103F-16F7-4668-BE54-9A1E7A4F7556}") = "FibonacciInterface", "FibonacciInterface\FibonacciInterface.csproj", "{6F4D1419-9EE5-45C6-B89F-43862914470B}"
EndProject
Project("{9A19103F-16F7-4668-BE54-9A1E7A4F7556}") = "SecondLib", "SecondLib\SecondLib.csproj", "{D2C00586-D0F5-4BAD-AF23-0711F48CAF48}"
EndProject
Project("{9A19103F-16F7-4668-BE54-9A1E7A4F7556}") = "Task6Tests", "Task6Tests\Task6Tests.csproj", "{24F51446-E044-452F-B39C-267049038303}"
EndProject
Project("{9A19103F-16F7-4668-BE54-9A1E7A4F7556}") = "FirstLib", "FirstLib\FirstLib.csproj", "{016B694C-4C3A-4487-A9B9-0F68D0A5C09D}"
EndProject
Global
	GlobalSection(SolutionConfigurationPlatforms) = preSolution
		Debug|Any CPU = Debug|Any CPU
		Release|Any CPU = Release|Any CPU
	EndGlobalSection
	GlobalSection(ProjectConfigurationPlatforms) = postSolution
		{21A2DD9B-1C28-4F5D-B2EB-63F4763DFB76}.Debug|Any CPU.ActiveCfg = Debug|Any CPU
		{21A2DD9B-1C28-4F5D-B2EB-63F4763DFB76}.Debug|Any CPU.Build.0 = Debug|Any CPU
		{21A2DD9B-1C28-4F5D-B2EB-63F4763DFB76}.Release|Any CPU.ActiveCfg = Release|Any CPU
		{21A2DD9B-1C28-4F5D-B2EB-63F4763DFB76}.Release|Any CPU.Build.0 = Release|Any CPU
		{6F4D1419-9EE5-45C6-B89F-43862914470B}.Debug|Any CPU.ActiveCfg = Debug|Any CPU
		{6F4D1419-9EE5-45C6-B89F-43862914470B}.Debug|Any CPU.Build.0 = Debug|Any CPU
		{6F4D1419-9EE5-45C6-B89F-43862914470B}.Release|Any CPU.ActiveCfg = Release|Any CPU
		{6F4D1419-9EE5-45C6-B89F-43862914470B}.Release|Any CPU.Build.0 = Release|Any CPU
		{D2C00586-D0F5-4BAD-AF23-0711F48CAF48}.Debug|Any CPU.ActiveCfg = Debug|Any CPU
		{D2C00586-D0F5-4BAD-AF23-0711F48CAF48}.Debug|Any CPU.Build.0 = Debug|Any CPU
		{D2C00586-D0F5-4BAD-AF23-0711F48CAF48}.Release|Any CPU.ActiveCfg = Release|Any CPU
		{D2C00586-D0F5-4BAD-AF23-0711F48CAF48}.Release|Any CPU.Build.0 = Release|Any CPU
		{24F51446-E044-452F-B39C-267049038303}.Debug|Any CPU.ActiveCfg = Debug|Any CPU
		{24F51446-E044-452F-B39C-267049038303}.Debug|Any CPU.Build.0 = Debug|Any CPU
		{24F51446-E044-452F-B39C-267049038303}.Release|Any CPU.ActiveCfg = Release|Any CPU
		{24F51446-E044-452F-B39C-267049038303}.Release|Any CPU.Build.0 = Release|Any CPU
		{016B694C-4C3A-4487-A9B9-0F68D0A5C09D}.Debug|Any CPU.ActiveCfg = Debug|Any CPU
		{016B694C-4C3A-4487-A9B9-0F68D0A5C09D}.Debug|Any CPU.Build.0 = Debug|Any CPU
		{016B694C-4C3A-4487-A9B9-0F68D0A5C09D}.Release|Any CPU.ActiveCfg = Release|Any CPU
		{016B694C-4C3A-4487-A9B9-0F68D0A5C09D}.Release|Any CPU.Build.0 = Release|Any CPU
	EndGlobalSection
	GlobalSection(SolutionProperties) = preSolution
		HideSolutionNode = FALSE
	EndGlobalSection
	GlobalSection(ExtensibilityGlobals) = postSolution
		SolutionGuid = {9EFC3E0E-8B9F-4918-AA62-8B84DF5BCE66}
	EndGlobalSection
EndGlobal
