
Microsoft Visual Studio Solution File, Format Version 12.00
# Visual Studio Version 16
VisualStudioVersion = 16.0.30104.148
MinimumVisualStudioVersion = 10.0.40219.1
Project("{FAE04EC0-301F-11D3-BF4B-00C04F79EFBC}") = "Task9WF", "Task9WF\Task9WF.csproj", "{C20D7CD5-70B0-4CAA-BC61-3B1F78AEAA5F}"
EndProject
Project("{FAE04EC0-301F-11D3-BF4B-00C04F79EFBC}") = "Task9Tests", "Task9Tests\Task9Tests.csproj", "{D34F08C0-6C90-4407-BE29-03B942DA6572}"
EndProject
Global
	GlobalSection(SolutionConfigurationPlatforms) = preSolution
		Debug|Any CPU = Debug|Any CPU
		Release|Any CPU = Release|Any CPU
	EndGlobalSection
	GlobalSection(ProjectConfigurationPlatforms) = postSolution
		{C20D7CD5-70B0-4CAA-BC61-3B1F78AEAA5F}.Debug|Any CPU.ActiveCfg = Debug|Any CPU
		{C20D7CD5-70B0-4CAA-BC61-3B1F78AEAA5F}.Debug|Any CPU.Build.0 = Debug|Any CPU
		{C20D7CD5-70B0-4CAA-BC61-3B1F78AEAA5F}.Release|Any CPU.ActiveCfg = Release|Any CPU
		{C20D7CD5-70B0-4CAA-BC61-3B1F78AEAA5F}.Release|Any CPU.Build.0 = Release|Any CPU
		{D34F08C0-6C90-4407-BE29-03B942DA6572}.Debug|Any CPU.ActiveCfg = Debug|Any CPU
		{D34F08C0-6C90-4407-BE29-03B942DA6572}.Debug|Any CPU.Build.0 = Debug|Any CPU
		{D34F08C0-6C90-4407-BE29-03B942DA6572}.Release|Any CPU.ActiveCfg = Release|Any CPU
		{D34F08C0-6C90-4407-BE29-03B942DA6572}.Release|Any CPU.Build.0 = Release|Any CPU
	EndGlobalSection
	GlobalSection(SolutionProperties) = preSolution
		HideSolutionNode = FALSE
	EndGlobalSection
	GlobalSection(ExtensibilityGlobals) = postSolution
		SolutionGuid = {3BEA4D3B-85D7-4774-8239-5ABAF9BA5B30}
	EndGlobalSection
EndGlobal
