
Microsoft Visual Studio Solution File, Format Version 12.00
# Visual Studio Version 16
VisualStudioVersion = 16.0.31129.286
MinimumVisualStudioVersion = 10.0.40219.1
Project("{FAE04EC0-301F-11D3-BF4B-00C04F79EFBC}") = "Task7", "Task7\Task7.csproj", "{C95722D8-D8AF-463A-8F51-E24FE44FB5A3}"
EndProject
Project("{FAE04EC0-301F-11D3-BF4B-00C04F79EFBC}") = "Task7Server", "Task7Server\Task7Server.csproj", "{5FD6E4B8-E24F-49A6-B896-D2A0AF2AC4C2}"
EndProject
Project("{FAE04EC0-301F-11D3-BF4B-00C04F79EFBC}") = "Task7Protocols", "Protocols\Task7Protocols.csproj", "{DB6FECE5-D234-48E6-B724-0AE76F432241}"
EndProject
Project("{FAE04EC0-301F-11D3-BF4B-00C04F79EFBC}") = "FilterLibrary", "FilterLibrary\FilterLibrary.csproj", "{E9E01FD5-61E3-48E9-9EDE-D08CAB68D474}"
EndProject
Project("{FAE04EC0-301F-11D3-BF4B-00C04F79EFBC}") = "Task7Test", "Task7Test\Task7Test.csproj", "{14F602FF-CE90-435D-B781-C3580ABA2E3A}"
EndProject
Global
	GlobalSection(SolutionConfigurationPlatforms) = preSolution
		Debug|Any CPU = Debug|Any CPU
		Release|Any CPU = Release|Any CPU
	EndGlobalSection
	GlobalSection(ProjectConfigurationPlatforms) = postSolution
		{C95722D8-D8AF-463A-8F51-E24FE44FB5A3}.Debug|Any CPU.ActiveCfg = Debug|Any CPU
		{C95722D8-D8AF-463A-8F51-E24FE44FB5A3}.Debug|Any CPU.Build.0 = Debug|Any CPU
		{C95722D8-D8AF-463A-8F51-E24FE44FB5A3}.Release|Any CPU.ActiveCfg = Release|Any CPU
		{C95722D8-D8AF-463A-8F51-E24FE44FB5A3}.Release|Any CPU.Build.0 = Release|Any CPU
		{5FD6E4B8-E24F-49A6-B896-D2A0AF2AC4C2}.Debug|Any CPU.ActiveCfg = Debug|Any CPU
		{5FD6E4B8-E24F-49A6-B896-D2A0AF2AC4C2}.Debug|Any CPU.Build.0 = Debug|Any CPU
		{5FD6E4B8-E24F-49A6-B896-D2A0AF2AC4C2}.Release|Any CPU.ActiveCfg = Release|Any CPU
		{5FD6E4B8-E24F-49A6-B896-D2A0AF2AC4C2}.Release|Any CPU.Build.0 = Release|Any CPU
		{DB6FECE5-D234-48E6-B724-0AE76F432241}.Debug|Any CPU.ActiveCfg = Debug|Any CPU
		{DB6FECE5-D234-48E6-B724-0AE76F432241}.Debug|Any CPU.Build.0 = Debug|Any CPU
		{DB6FECE5-D234-48E6-B724-0AE76F432241}.Release|Any CPU.ActiveCfg = Release|Any CPU
		{DB6FECE5-D234-48E6-B724-0AE76F432241}.Release|Any CPU.Build.0 = Release|Any CPU
		{E9E01FD5-61E3-48E9-9EDE-D08CAB68D474}.Debug|Any CPU.ActiveCfg = Debug|Any CPU
		{E9E01FD5-61E3-48E9-9EDE-D08CAB68D474}.Debug|Any CPU.Build.0 = Debug|Any CPU
		{E9E01FD5-61E3-48E9-9EDE-D08CAB68D474}.Release|Any CPU.ActiveCfg = Release|Any CPU
		{E9E01FD5-61E3-48E9-9EDE-D08CAB68D474}.Release|Any CPU.Build.0 = Release|Any CPU
		{14F602FF-CE90-435D-B781-C3580ABA2E3A}.Debug|Any CPU.ActiveCfg = Debug|Any CPU
		{14F602FF-CE90-435D-B781-C3580ABA2E3A}.Debug|Any CPU.Build.0 = Debug|Any CPU
		{14F602FF-CE90-435D-B781-C3580ABA2E3A}.Release|Any CPU.ActiveCfg = Release|Any CPU
		{14F602FF-CE90-435D-B781-C3580ABA2E3A}.Release|Any CPU.Build.0 = Release|Any CPU
	EndGlobalSection
	GlobalSection(SolutionProperties) = preSolution
		HideSolutionNode = FALSE
	EndGlobalSection
	GlobalSection(ExtensibilityGlobals) = postSolution
		SolutionGuid = {582AAC91-AF87-4CC9-B0D9-0386CBEF2BA7}
	EndGlobalSection
EndGlobal
