
Microsoft Visual Studio Solution File, Format Version 12.00
# Visual Studio Version 16
VisualStudioVersion = 16.0.29306.81
MinimumVisualStudioVersion = 10.0.40219.1
Project("{8BC9CEB8-8B4A-11D0-8D11-00A0C91BC942}") = "Task_11", "Task_11.vcxproj", "{406A4621-3D07-4FA6-86CC-88C4A7B74C9A}"
EndProject
Global
	GlobalSection(SolutionConfigurationPlatforms) = preSolution
		Debug|x64 = Debug|x64
		Debug|x86 = Debug|x86
		Release|x64 = Release|x64
		Release|x86 = Release|x86
	EndGlobalSection
	GlobalSection(ProjectConfigurationPlatforms) = postSolution
		{406A4621-3D07-4FA6-86CC-88C4A7B74C9A}.Debug|x64.ActiveCfg = Debug|x64
		{406A4621-3D07-4FA6-86CC-88C4A7B74C9A}.Debug|x64.Build.0 = Debug|x64
		{406A4621-3D07-4FA6-86CC-88C4A7B74C9A}.Debug|x86.ActiveCfg = Debug|Win32
		{406A4621-3D07-4FA6-86CC-88C4A7B74C9A}.Debug|x86.Build.0 = Debug|Win32
		{406A4621-3D07-4FA6-86CC-88C4A7B74C9A}.Release|x64.ActiveCfg = Release|x64
		{406A4621-3D07-4FA6-86CC-88C4A7B74C9A}.Release|x64.Build.0 = Release|x64
		{406A4621-3D07-4FA6-86CC-88C4A7B74C9A}.Release|x86.ActiveCfg = Release|Win32
		{406A4621-3D07-4FA6-86CC-88C4A7B74C9A}.Release|x86.Build.0 = Release|Win32
	EndGlobalSection
	GlobalSection(SolutionProperties) = preSolution
		HideSolutionNode = FALSE
	EndGlobalSection
	GlobalSection(ExtensibilityGlobals) = postSolution
		SolutionGuid = {D53061F4-8CA9-434F-807E-747DDE726A8B}
	EndGlobalSection
EndGlobal
