
Microsoft Visual Studio Solution File, Format Version 12.00
# Visual Studio Version 16
VisualStudioVersion = 16.0.30104.148
MinimumVisualStudioVersion = 10.0.40219.1
Project("{9A19103F-16F7-4668-BE54-9A1E7A4F7556}") = "Task3", "Task3\Task3.csproj", "{29298E89-0771-45D5-9EA5-8F0E43621EDF}"
EndProject
Project("{FAE04EC0-301F-11D3-BF4B-00C04F79EFBC}") = "Task3Tests", "Task3Tests\Task3Tests.csproj", "{B890F42D-5AE9-4826-A25B-AE01AD094E22}"
EndProject
Global
	GlobalSection(SolutionConfigurationPlatforms) = preSolution
		Debug|Any CPU = Debug|Any CPU
		Release|Any CPU = Release|Any CPU
	EndGlobalSection
	GlobalSection(ProjectConfigurationPlatforms) = postSolution
		{29298E89-0771-45D5-9EA5-8F0E43621EDF}.Debug|Any CPU.ActiveCfg = Debug|Any CPU
		{29298E89-0771-45D5-9EA5-8F0E43621EDF}.Debug|Any CPU.Build.0 = Debug|Any CPU
		{29298E89-0771-45D5-9EA5-8F0E43621EDF}.Release|Any CPU.ActiveCfg = Release|Any CPU
		{29298E89-0771-45D5-9EA5-8F0E43621EDF}.Release|Any CPU.Build.0 = Release|Any CPU
		{B890F42D-5AE9-4826-A25B-AE01AD094E22}.Debug|Any CPU.ActiveCfg = Debug|Any CPU
		{B890F42D-5AE9-4826-A25B-AE01AD094E22}.Debug|Any CPU.Build.0 = Debug|Any CPU
		{B890F42D-5AE9-4826-A25B-AE01AD094E22}.Release|Any CPU.ActiveCfg = Release|Any CPU
		{B890F42D-5AE9-4826-A25B-AE01AD094E22}.Release|Any CPU.Build.0 = Release|Any CPU
	EndGlobalSection
	GlobalSection(SolutionProperties) = preSolution
		HideSolutionNode = FALSE
	EndGlobalSection
	GlobalSection(ExtensibilityGlobals) = postSolution
		SolutionGuid = {8AFA4FBC-C34D-484A-A916-7F1F5AE11707}
	EndGlobalSection
EndGlobal
